
Microsoft Visual Studio Solution File, Format Version 12.00
# Visual Studio Version 17
VisualStudioVersion = 17.5.33530.505
MinimumVisualStudioVersion = 10.0.40219.1
Project("{9A19103F-16F7-4668-BE54-9A1E7A4F7556}") = "CrudGrpcSample", "CrudGrpcSample\CrudGrpcSample.csproj", "{8B973093-8F15-4B3E-8D50-470CED6FADF4}"
EndProject
Project("{FAE04EC0-301F-11D3-BF4B-00C04F79EFBC}") = "Endpoint.api", "Endpoint.api\Endpoint.api.csproj", "{FD889C04-EF01-46D0-B7AF-CD36E75F9EE8}"
EndProject
Global
	GlobalSection(SolutionConfigurationPlatforms) = preSolution
		Debug|Any CPU = Debug|Any CPU
		Release|Any CPU = Release|Any CPU
	EndGlobalSection
	GlobalSection(ProjectConfigurationPlatforms) = postSolution
		{8B973093-8F15-4B3E-8D50-470CED6FADF4}.Debug|Any CPU.ActiveCfg = Debug|Any CPU
		{8B973093-8F15-4B3E-8D50-470CED6FADF4}.Debug|Any CPU.Build.0 = Debug|Any CPU
		{8B973093-8F15-4B3E-8D50-470CED6FADF4}.Release|Any CPU.ActiveCfg = Release|Any CPU
		{8B973093-8F15-4B3E-8D50-470CED6FADF4}.Release|Any CPU.Build.0 = Release|Any CPU
		{FD889C04-EF01-46D0-B7AF-CD36E75F9EE8}.Debug|Any CPU.ActiveCfg = Debug|Any CPU
		{FD889C04-EF01-46D0-B7AF-CD36E75F9EE8}.Debug|Any CPU.Build.0 = Debug|Any CPU
		{FD889C04-EF01-46D0-B7AF-CD36E75F9EE8}.Release|Any CPU.ActiveCfg = Release|Any CPU
		{FD889C04-EF01-46D0-B7AF-CD36E75F9EE8}.Release|Any CPU.Build.0 = Release|Any CPU
	EndGlobalSection
	GlobalSection(SolutionProperties) = preSolution
		HideSolutionNode = FALSE
	EndGlobalSection
	GlobalSection(ExtensibilityGlobals) = postSolution
		SolutionGuid = {8438FC4F-C1A9-4EE4-B338-B5A0D2E41A4D}
	EndGlobalSection
EndGlobal
